github.com/davecgh/go-spew v1.1.1 h1:vj9j/u1bqnvCEfJOwUhtlOARqs3+rkHYY13jYWTU97c=
github.com/go-resty/resty/v2 v2.7.0 h1:me+K9p3uhSmXtrBZ4k9jcEAfJmuC8IivWHwaLZwPrFY=
github.com/go-resty/resty/v2 v2.7.0/go.mod h1:9PWDzw47qPphMRFfhsyk0NnSgvluHcljSMVIq3w7q0I=
github.com/gopatchy/jsrest v0.0.0-20230420184928-8e3c5df83e40 h1:O81TZmmHcnaiygHj/DtASr7THd+Pv1oC7TH2+KBHNmg=
github.com/gopatchy/jsrest v0.0.0-20230420184928-8e3c5df83e40/go.mod h1:Ryi8LRBLFDhQsMQHuh+6VL7HcFWjBXOEiOy9Ip/Q+Ps=
github.com/gopatchy/metadata v0.0.0-20230420053349-25837551c11d h1:chunoM47vkWSanIvLx4uRSkLMG6chDZOy09L2tt/bv8=
github.com/gopatchy/metadata v0.0.0-20230420053349-25837551c11d/go.mod h1:VgD33raUShjDePCDBo55aj+eSXFtUEpMzs+Ie39g2zo=
github.com/pmezard/go-difflib v1.0.0 h1:4DBwDE0NGyQoBHbLQYPwSUPoCMWR5BEzIk/f1lZbAQM=
github.com/stretchr/testify v1.8.2 h1:+h33VjcLVPDHtOdpUCuF+7gSuG3yGIftsP1YvFihtJ8=
github.com/vfaronov/httpheader v0.1.0 h1:VdzetvOKRoQVHjSrXcIOwCV6JG5BCAW9rjbVbFPBmb0=
github.com/vfaronov/httpheader v0.1.0/go.mod h1:ZBxgbYu6nbN5V9Ptd1yYUUan0voD0O8nZLXHyxLgoLE=
go.uber.org/goleak v1.2.1 h1:NBol2c7O1ZokfZ0LEU9K6Whx/KnwvepVetCUhtKja4A=
golang.org/x/exp v0.0.0-20230420155640-133eef4313cb h1:rhjz/8Mbfa8xROFiH+MQphmAmgqRM0bOMnytznhWEXk=
golang.org/x/exp v0.0.0-20230420155640-133eef4313cb/go.mod h1:V1LtkGg67GoY2N1AnLN78QLrzxkLyJw7RJb1gzOOz9w=
golang.org/x/net v0.0.0-20211029224645-99673261e6eb/go.mod h1:9nx3DQGgdP8bBQD5qxJ1jj9UTztislL4KSBs9R2vV5Y=
golang.org/x/net v0.9.0 h1:aWJ/m6xSmxWBx+V0XRHTlrYrPG56jKsLdTFmsSsCzOM=
golang.org/x/net v0.9.0/go.mod h1:d48xBJpPfHeWQsugry2m+kC02ZBRGRgulfHnEXEuWns=
golang.org/x/sys v0.0.0-20201119102817-f84b799fce68/go.mod h1:h1NjWce9XRLGQEsW7wpKNCjG9DtNlClVuFLEZdDNbEs=
golang.org/x/sys v0.0.0-20210423082822-04245dca01da/go.mod h1:h1NjWce9XRLGQEsW7wpKNCjG9DtNlClVuFLEZdDNbEs=
golang.org/x/term v0.0.0-20201126162022-7de9c90e9dd1/go.mod h1:bj7SfCRtBDWHUb9snDiAeCFNEtKQo2Wmx5Cou7ajbmo=
golang.org/x/text v0.3.6/go.mod h1:5Zoc/QRtKVWzQhOtBMvqHzDpF6irO9z98xDceosuGiQ=
golang.org/x/tools v0.0.0-20180917221912-90fa682c2a6e/go.mod h1:n7NCudcB/nEzxVGmLbDWY5pfWTLqBcC2KZ6jyYvM4mQ=
gopkg.in/yaml.v3 v3.0.1 h1:fxVm/GzAzEWqLHuvctI91KS9hhNmmWOoWu0XTYJS7CA=
